
Microsoft Visual Studio Solution File, Format Version 12.00
# Visual Studio Version 17
VisualStudioVersion = 17.12.35728.132
MinimumVisualStudioVersion = 10.0.40219.1
Project("{2150E333-8FDC-42A3-9474-1A3956D46DE8}") = "While", "While", "{3E1A8900-DECD-4145-8D69-C1AF504E1DB6}"
EndProject
Project("{2150E333-8FDC-42A3-9474-1A3956D46DE8}") = "For", "For", "{E47459F0-479A-4CCD-8F54-90D143F0100B}"
EndProject
Project("{FAE04EC0-301F-11D3-BF4B-00C04F79EFBC}") = "Exemplo1", "Exemplo1\Exemplo1.csproj", "{15CC2064-0719-4981-A6AA-9D61E1ACC27F}"
EndProject
Project("{FAE04EC0-301F-11D3-BF4B-00C04F79EFBC}") = "Exemplo2", "Exemplo2\Exemplo2.csproj", "{27A7BA05-E595-454E-9F00-01D3D1A637C3}"
EndProject
Project("{FAE04EC0-301F-11D3-BF4B-00C04F79EFBC}") = "Exemplo3", "Exemplo3\Exemplo3.csproj", "{DAB1DD92-953D-4BBA-A56B-762D3E3FF038}"
EndProject
Project("{FAE04EC0-301F-11D3-BF4B-00C04F79EFBC}") = "Exemplo4", "Exemplo4\Exemplo4.csproj", "{D932A7FF-C2CF-439D-8E2B-5B3FB2007E0E}"
EndProject
Project("{2150E333-8FDC-42A3-9474-1A3956D46DE8}") = "Exercicios", "Exercicios", "{61F3A515-7D55-4AFE-99FC-609BB0567393}"
EndProject
Project("{FAE04EC0-301F-11D3-BF4B-00C04F79EFBC}") = "Exercicio1", "For\Exercicio1\Exercicio1.csproj", "{B084AA7D-94DC-4B31-A1DF-D0F5CB81C47E}"
EndProject
Project("{FAE04EC0-301F-11D3-BF4B-00C04F79EFBC}") = "Exercicio2", "For\Exercicio2\Exercicio2.csproj", "{70327D96-36AD-4D44-A65E-21768E0F9EC9}"
EndProject
Project("{FAE04EC0-301F-11D3-BF4B-00C04F79EFBC}") = "Exercicio3", "Exercicio3\Exercicio3.csproj", "{2054F28B-BB45-4C10-8A12-F36AABC4986C}"
EndProject
Project("{FAE04EC0-301F-11D3-BF4B-00C04F79EFBC}") = "Exercicio4", "For\Exercicio4\Exercicio4.csproj", "{92B3E05F-39ED-4E34-B731-9A99961FC691}"
EndProject
Project("{FAE04EC0-301F-11D3-BF4B-00C04F79EFBC}") = "Exercicio5", "For\Exercicio5\Exercicio5.csproj", "{61F02F68-1708-4FCB-9C7C-1B1C164860CB}"
EndProject
Project("{FAE04EC0-301F-11D3-BF4B-00C04F79EFBC}") = "Exemplo1", "While\Exemplo1\Exemplo1.csproj", "{393E9349-B501-4107-93F8-222A5A58CE56}"
EndProject
Project("{FAE04EC0-301F-11D3-BF4B-00C04F79EFBC}") = "Exemplo2", "While\Exemplo2\Exemplo2.csproj", "{08722578-ABEA-4A11-9BFE-CC3A9D8E34AE}"
EndProject
Project("{FAE04EC0-301F-11D3-BF4B-00C04F79EFBC}") = "Exemplo3", "While\Exemplo3\Exemplo3.csproj", "{8288A360-429B-4E88-B98B-0CBD2BF05E3E}"
EndProject
Project("{FAE04EC0-301F-11D3-BF4B-00C04F79EFBC}") = "Exercicio1", "While\Exercicio1\Exercicio1.csproj", "{49C545CA-CCA4-423E-9B79-3F240F6AE434}"
EndProject
Project("{FAE04EC0-301F-11D3-BF4B-00C04F79EFBC}") = "Exercicio2", "While\Exercicio2\Exercicio2.csproj", "{6C04F8F8-93BA-45B0-87C8-F6E40785C422}"
EndProject
Project("{FAE04EC0-301F-11D3-BF4B-00C04F79EFBC}") = "Exercicio3", "While\Exercicio3\Exercicio3.csproj", "{0C52101B-CCE2-4D57-9255-EE727D25D8C2}"
EndProject
Project("{FAE04EC0-301F-11D3-BF4B-00C04F79EFBC}") = "Exercicio4", "While\Exercicio4\Exercicio4.csproj", "{E2BBF464-95AF-47E2-9E89-7877703F7EDD}"
EndProject
Project("{FAE04EC0-301F-11D3-BF4B-00C04F79EFBC}") = "Exercicio5", "While\Exercicio5\Exercicio5.csproj", "{00810045-2923-4B6E-80B5-197FC4842EC3}"
EndProject
Project("{2150E333-8FDC-42A3-9474-1A3956D46DE8}") = "Vetores", "Vetores", "{B54488FB-8CE6-484D-8EC9-D1E8AC1A4932}"
EndProject
Project("{FAE04EC0-301F-11D3-BF4B-00C04F79EFBC}") = "Exemplo1", "Vetores\Exemplo1\Exemplo1.csproj", "{F3E6AFB8-819B-43CB-8362-A21BFF1A946E}"
EndProject
Project("{FAE04EC0-301F-11D3-BF4B-00C04F79EFBC}") = "Exemplo2", "Vetores\Exemplo2\Exemplo2.csproj", "{122F6C6B-07CF-4869-8241-948941542778}"
EndProject
Project("{FAE04EC0-301F-11D3-BF4B-00C04F79EFBC}") = "Exercicio1", "Vetores\Exercicio1\Exercicio1.csproj", "{BBC6CA60-525E-474F-9797-3453E285C3EF}"
EndProject
Project("{FAE04EC0-301F-11D3-BF4B-00C04F79EFBC}") = "Exercicio2", "Vetores\Exercicio2\Exercicio2.csproj", "{26C1F1B4-DC57-4B57-8013-A681EDEA9847}"
EndProject
Project("{FAE04EC0-301F-11D3-BF4B-00C04F79EFBC}") = "Exercicio3", "Vetores\Exercicio3\Exercicio3.csproj", "{E10C6366-4FED-48D4-9EF9-AE51816C867E}"
EndProject
Global
	GlobalSection(SolutionConfigurationPlatforms) = preSolution
		Debug|Any CPU = Debug|Any CPU
		Release|Any CPU = Release|Any CPU
	EndGlobalSection
	GlobalSection(ProjectConfigurationPlatforms) = postSolution
		{15CC2064-0719-4981-A6AA-9D61E1ACC27F}.Debug|Any CPU.ActiveCfg = Debug|Any CPU
		{15CC2064-0719-4981-A6AA-9D61E1ACC27F}.Debug|Any CPU.Build.0 = Debug|Any CPU
		{15CC2064-0719-4981-A6AA-9D61E1ACC27F}.Release|Any CPU.ActiveCfg = Release|Any CPU
		{15CC2064-0719-4981-A6AA-9D61E1ACC27F}.Release|Any CPU.Build.0 = Release|Any CPU
		{27A7BA05-E595-454E-9F00-01D3D1A637C3}.Debug|Any CPU.ActiveCfg = Debug|Any CPU
		{27A7BA05-E595-454E-9F00-01D3D1A637C3}.Debug|Any CPU.Build.0 = Debug|Any CPU
		{27A7BA05-E595-454E-9F00-01D3D1A637C3}.Release|Any CPU.ActiveCfg = Release|Any CPU
		{27A7BA05-E595-454E-9F00-01D3D1A637C3}.Release|Any CPU.Build.0 = Release|Any CPU
		{DAB1DD92-953D-4BBA-A56B-762D3E3FF038}.Debug|Any CPU.ActiveCfg = Debug|Any CPU
		{DAB1DD92-953D-4BBA-A56B-762D3E3FF038}.Debug|Any CPU.Build.0 = Debug|Any CPU
		{DAB1DD92-953D-4BBA-A56B-762D3E3FF038}.Release|Any CPU.ActiveCfg = Release|Any CPU
		{DAB1DD92-953D-4BBA-A56B-762D3E3FF038}.Release|Any CPU.Build.0 = Release|Any CPU
		{D932A7FF-C2CF-439D-8E2B-5B3FB2007E0E}.Debug|Any CPU.ActiveCfg = Debug|Any CPU
		{D932A7FF-C2CF-439D-8E2B-5B3FB2007E0E}.Debug|Any CPU.Build.0 = Debug|Any CPU
		{D932A7FF-C2CF-439D-8E2B-5B3FB2007E0E}.Release|Any CPU.ActiveCfg = Release|Any CPU
		{D932A7FF-C2CF-439D-8E2B-5B3FB2007E0E}.Release|Any CPU.Build.0 = Release|Any CPU
		{B084AA7D-94DC-4B31-A1DF-D0F5CB81C47E}.Debug|Any CPU.ActiveCfg = Debug|Any CPU
		{B084AA7D-94DC-4B31-A1DF-D0F5CB81C47E}.Debug|Any CPU.Build.0 = Debug|Any CPU
		{B084AA7D-94DC-4B31-A1DF-D0F5CB81C47E}.Release|Any CPU.ActiveCfg = Release|Any CPU
		{B084AA7D-94DC-4B31-A1DF-D0F5CB81C47E}.Release|Any CPU.Build.0 = Release|Any CPU
		{70327D96-36AD-4D44-A65E-21768E0F9EC9}.Debug|Any CPU.ActiveCfg = Debug|Any CPU
		{70327D96-36AD-4D44-A65E-21768E0F9EC9}.Debug|Any CPU.Build.0 = Debug|Any CPU
		{70327D96-36AD-4D44-A65E-21768E0F9EC9}.Release|Any CPU.ActiveCfg = Release|Any CPU
		{70327D96-36AD-4D44-A65E-21768E0F9EC9}.Release|Any CPU.Build.0 = Release|Any CPU
		{2054F28B-BB45-4C10-8A12-F36AABC4986C}.Debug|Any CPU.ActiveCfg = Debug|Any CPU
		{2054F28B-BB45-4C10-8A12-F36AABC4986C}.Debug|Any CPU.Build.0 = Debug|Any CPU
		{2054F28B-BB45-4C10-8A12-F36AABC4986C}.Release|Any CPU.ActiveCfg = Release|Any CPU
		{2054F28B-BB45-4C10-8A12-F36AABC4986C}.Release|Any CPU.Build.0 = Release|Any CPU
		{92B3E05F-39ED-4E34-B731-9A99961FC691}.Debug|Any CPU.ActiveCfg = Debug|Any CPU
		{92B3E05F-39ED-4E34-B731-9A99961FC691}.Debug|Any CPU.Build.0 = Debug|Any CPU
		{92B3E05F-39ED-4E34-B731-9A99961FC691}.Release|Any CPU.ActiveCfg = Release|Any CPU
		{92B3E05F-39ED-4E34-B731-9A99961FC691}.Release|Any CPU.Build.0 = Release|Any CPU
		{61F02F68-1708-4FCB-9C7C-1B1C164860CB}.Debug|Any CPU.ActiveCfg = Debug|Any CPU
		{61F02F68-1708-4FCB-9C7C-1B1C164860CB}.Debug|Any CPU.Build.0 = Debug|Any CPU
		{61F02F68-1708-4FCB-9C7C-1B1C164860CB}.Release|Any CPU.ActiveCfg = Release|Any CPU
		{61F02F68-1708-4FCB-9C7C-1B1C164860CB}.Release|Any CPU.Build.0 = Release|Any CPU
		{393E9349-B501-4107-93F8-222A5A58CE56}.Debug|Any CPU.ActiveCfg = Debug|Any CPU
		{393E9349-B501-4107-93F8-222A5A58CE56}.Debug|Any CPU.Build.0 = Debug|Any CPU
		{393E9349-B501-4107-93F8-222A5A58CE56}.Release|Any CPU.ActiveCfg = Release|Any CPU
		{393E9349-B501-4107-93F8-222A5A58CE56}.Release|Any CPU.Build.0 = Release|Any CPU
		{08722578-ABEA-4A11-9BFE-CC3A9D8E34AE}.Debug|Any CPU.ActiveCfg = Debug|Any CPU
		{08722578-ABEA-4A11-9BFE-CC3A9D8E34AE}.Debug|Any CPU.Build.0 = Debug|Any CPU
		{08722578-ABEA-4A11-9BFE-CC3A9D8E34AE}.Release|Any CPU.ActiveCfg = Release|Any CPU
		{08722578-ABEA-4A11-9BFE-CC3A9D8E34AE}.Release|Any CPU.Build.0 = Release|Any CPU
		{8288A360-429B-4E88-B98B-0CBD2BF05E3E}.Debug|Any CPU.ActiveCfg = Debug|Any CPU
		{8288A360-429B-4E88-B98B-0CBD2BF05E3E}.Debug|Any CPU.Build.0 = Debug|Any CPU
		{8288A360-429B-4E88-B98B-0CBD2BF05E3E}.Release|Any CPU.ActiveCfg = Release|Any CPU
		{8288A360-429B-4E88-B98B-0CBD2BF05E3E}.Release|Any CPU.Build.0 = Release|Any CPU
		{49C545CA-CCA4-423E-9B79-3F240F6AE434}.Debug|Any CPU.ActiveCfg = Debug|Any CPU
		{49C545CA-CCA4-423E-9B79-3F240F6AE434}.Debug|Any CPU.Build.0 = Debug|Any CPU
		{49C545CA-CCA4-423E-9B79-3F240F6AE434}.Release|Any CPU.ActiveCfg = Release|Any CPU
		{49C545CA-CCA4-423E-9B79-3F240F6AE434}.Release|Any CPU.Build.0 = Release|Any CPU
		{6C04F8F8-93BA-45B0-87C8-F6E40785C422}.Debug|Any CPU.ActiveCfg = Debug|Any CPU
		{6C04F8F8-93BA-45B0-87C8-F6E40785C422}.Debug|Any CPU.Build.0 = Debug|Any CPU
		{6C04F8F8-93BA-45B0-87C8-F6E40785C422}.Release|Any CPU.ActiveCfg = Release|Any CPU
		{6C04F8F8-93BA-45B0-87C8-F6E40785C422}.Release|Any CPU.Build.0 = Release|Any CPU
		{0C52101B-CCE2-4D57-9255-EE727D25D8C2}.Debug|Any CPU.ActiveCfg = Debug|Any CPU
		{0C52101B-CCE2-4D57-9255-EE727D25D8C2}.Debug|Any CPU.Build.0 = Debug|Any CPU
		{0C52101B-CCE2-4D57-9255-EE727D25D8C2}.Release|Any CPU.ActiveCfg = Release|Any CPU
		{0C52101B-CCE2-4D57-9255-EE727D25D8C2}.Release|Any CPU.Build.0 = Release|Any CPU
		{E2BBF464-95AF-47E2-9E89-7877703F7EDD}.Debug|Any CPU.ActiveCfg = Debug|Any CPU
		{E2BBF464-95AF-47E2-9E89-7877703F7EDD}.Debug|Any CPU.Build.0 = Debug|Any CPU
		{E2BBF464-95AF-47E2-9E89-7877703F7EDD}.Release|Any CPU.ActiveCfg = Release|Any CPU
		{E2BBF464-95AF-47E2-9E89-7877703F7EDD}.Release|Any CPU.Build.0 = Release|Any CPU
		{00810045-2923-4B6E-80B5-197FC4842EC3}.Debug|Any CPU.ActiveCfg = Debug|Any CPU
		{00810045-2923-4B6E-80B5-197FC4842EC3}.Debug|Any CPU.Build.0 = Debug|Any CPU
		{00810045-2923-4B6E-80B5-197FC4842EC3}.Release|Any CPU.ActiveCfg = Release|Any CPU
		{00810045-2923-4B6E-80B5-197FC4842EC3}.Release|Any CPU.Build.0 = Release|Any CPU
		{F3E6AFB8-819B-43CB-8362-A21BFF1A946E}.Debug|Any CPU.ActiveCfg = Debug|Any CPU
		{F3E6AFB8-819B-43CB-8362-A21BFF1A946E}.Debug|Any CPU.Build.0 = Debug|Any CPU
		{F3E6AFB8-819B-43CB-8362-A21BFF1A946E}.Release|Any CPU.ActiveCfg = Release|Any CPU
		{F3E6AFB8-819B-43CB-8362-A21BFF1A946E}.Release|Any CPU.Build.0 = Release|Any CPU
		{122F6C6B-07CF-4869-8241-948941542778}.Debug|Any CPU.ActiveCfg = Debug|Any CPU
		{122F6C6B-07CF-4869-8241-948941542778}.Debug|Any CPU.Build.0 = Debug|Any CPU
		{122F6C6B-07CF-4869-8241-948941542778}.Release|Any CPU.ActiveCfg = Release|Any CPU
		{122F6C6B-07CF-4869-8241-948941542778}.Release|Any CPU.Build.0 = Release|Any CPU
		{BBC6CA60-525E-474F-9797-3453E285C3EF}.Debug|Any CPU.ActiveCfg = Debug|Any CPU
		{BBC6CA60-525E-474F-9797-3453E285C3EF}.Debug|Any CPU.Build.0 = Debug|Any CPU
		{BBC6CA60-525E-474F-9797-3453E285C3EF}.Release|Any CPU.ActiveCfg = Release|Any CPU
		{BBC6CA60-525E-474F-9797-3453E285C3EF}.Release|Any CPU.Build.0 = Release|Any CPU
		{26C1F1B4-DC57-4B57-8013-A681EDEA9847}.Debug|Any CPU.ActiveCfg = Debug|Any CPU
		{26C1F1B4-DC57-4B57-8013-A681EDEA9847}.Debug|Any CPU.Build.0 = Debug|Any CPU
		{26C1F1B4-DC57-4B57-8013-A681EDEA9847}.Release|Any CPU.ActiveCfg = Release|Any CPU
		{26C1F1B4-DC57-4B57-8013-A681EDEA9847}.Release|Any CPU.Build.0 = Release|Any CPU
		{E10C6366-4FED-48D4-9EF9-AE51816C867E}.Debug|Any CPU.ActiveCfg = Debug|Any CPU
		{E10C6366-4FED-48D4-9EF9-AE51816C867E}.Debug|Any CPU.Build.0 = Debug|Any CPU
		{E10C6366-4FED-48D4-9EF9-AE51816C867E}.Release|Any CPU.ActiveCfg = Release|Any CPU
		{E10C6366-4FED-48D4-9EF9-AE51816C867E}.Release|Any CPU.Build.0 = Release|Any CPU
	EndGlobalSection
	GlobalSection(SolutionProperties) = preSolution
		HideSolutionNode = FALSE
	EndGlobalSection
	GlobalSection(NestedProjects) = preSolution
		{15CC2064-0719-4981-A6AA-9D61E1ACC27F} = {E47459F0-479A-4CCD-8F54-90D143F0100B}
		{27A7BA05-E595-454E-9F00-01D3D1A637C3} = {E47459F0-479A-4CCD-8F54-90D143F0100B}
		{DAB1DD92-953D-4BBA-A56B-762D3E3FF038} = {E47459F0-479A-4CCD-8F54-90D143F0100B}
		{D932A7FF-C2CF-439D-8E2B-5B3FB2007E0E} = {E47459F0-479A-4CCD-8F54-90D143F0100B}
		{61F3A515-7D55-4AFE-99FC-609BB0567393} = {E47459F0-479A-4CCD-8F54-90D143F0100B}
		{B084AA7D-94DC-4B31-A1DF-D0F5CB81C47E} = {61F3A515-7D55-4AFE-99FC-609BB0567393}
		{70327D96-36AD-4D44-A65E-21768E0F9EC9} = {61F3A515-7D55-4AFE-99FC-609BB0567393}
		{2054F28B-BB45-4C10-8A12-F36AABC4986C} = {61F3A515-7D55-4AFE-99FC-609BB0567393}
		{92B3E05F-39ED-4E34-B731-9A99961FC691} = {61F3A515-7D55-4AFE-99FC-609BB0567393}
		{61F02F68-1708-4FCB-9C7C-1B1C164860CB} = {61F3A515-7D55-4AFE-99FC-609BB0567393}
		{393E9349-B501-4107-93F8-222A5A58CE56} = {3E1A8900-DECD-4145-8D69-C1AF504E1DB6}
		{08722578-ABEA-4A11-9BFE-CC3A9D8E34AE} = {3E1A8900-DECD-4145-8D69-C1AF504E1DB6}
		{8288A360-429B-4E88-B98B-0CBD2BF05E3E} = {3E1A8900-DECD-4145-8D69-C1AF504E1DB6}
		{49C545CA-CCA4-423E-9B79-3F240F6AE434} = {3E1A8900-DECD-4145-8D69-C1AF504E1DB6}
		{6C04F8F8-93BA-45B0-87C8-F6E40785C422} = {3E1A8900-DECD-4145-8D69-C1AF504E1DB6}
		{0C52101B-CCE2-4D57-9255-EE727D25D8C2} = {3E1A8900-DECD-4145-8D69-C1AF504E1DB6}
		{E2BBF464-95AF-47E2-9E89-7877703F7EDD} = {3E1A8900-DECD-4145-8D69-C1AF504E1DB6}
		{00810045-2923-4B6E-80B5-197FC4842EC3} = {3E1A8900-DECD-4145-8D69-C1AF504E1DB6}
		{F3E6AFB8-819B-43CB-8362-A21BFF1A946E} = {B54488FB-8CE6-484D-8EC9-D1E8AC1A4932}
		{122F6C6B-07CF-4869-8241-948941542778} = {B54488FB-8CE6-484D-8EC9-D1E8AC1A4932}
		{BBC6CA60-525E-474F-9797-3453E285C3EF} = {B54488FB-8CE6-484D-8EC9-D1E8AC1A4932}
		{26C1F1B4-DC57-4B57-8013-A681EDEA9847} = {B54488FB-8CE6-484D-8EC9-D1E8AC1A4932}
		{E10C6366-4FED-48D4-9EF9-AE51816C867E} = {B54488FB-8CE6-484D-8EC9-D1E8AC1A4932}
	EndGlobalSection
EndGlobal
